
Microsoft Visual Studio Solution File, Format Version 12.00
# Visual Studio 2013
VisualStudioVersion = 12.0.30110.0
MinimumVisualStudioVersion = 10.0.40219.1
Project("{FAE04EC0-301F-11D3-BF4B-00C04F79EFBC}") = "Project1", "Project1\Project1.csproj", "{5F41EC1E-D9BF-4EF3-958C-0F4CFE9BB208}"
EndProject
Project("{FAE04EC0-301F-11D3-BF4B-00C04F79EFBC}") = "Project2", "Project2\Project2.csproj", "{E052C6BE-C698-4F06-ADB2-00BE2F416B3E}"
EndProject
Project("{FAE04EC0-301F-11D3-BF4B-00C04F79EFBC}") = "Project3", "Project3\Project3.csproj", "{684192AC-4688-4A13-9CA4-BA60D0AFB3AF}"
EndProject
Global
	GlobalSection(SolutionConfigurationPlatforms) = preSolution
		Debug|Any CPU = Debug|Any CPU
		Release|Any CPU = Release|Any CPU
	EndGlobalSection
	GlobalSection(ProjectConfigurationPlatforms) = postSolution
		{5F41EC1E-D9BF-4EF3-958C-0F4CFE9BB208}.Debug|Any CPU.ActiveCfg = Debug|Any CPU
		{5F41EC1E-D9BF-4EF3-958C-0F4CFE9BB208}.Debug|Any CPU.Build.0 = Debug|Any CPU
		{5F41EC1E-D9BF-4EF3-958C-0F4CFE9BB208}.Release|Any CPU.ActiveCfg = Release|Any CPU
		{5F41EC1E-D9BF-4EF3-958C-0F4CFE9BB208}.Release|Any CPU.Build.0 = Release|Any CPU
		{E052C6BE-C698-4F06-ADB2-00BE2F416B3E}.Debug|Any CPU.ActiveCfg = Debug|Any CPU
		{E052C6BE-C698-4F06-ADB2-00BE2F416B3E}.Debug|Any CPU.Build.0 = Debug|Any CPU
		{E052C6BE-C698-4F06-ADB2-00BE2F416B3E}.Release|Any CPU.ActiveCfg = Release|Any CPU
		{E052C6BE-C698-4F06-ADB2-00BE2F416B3E}.Release|Any CPU.Build.0 = Release|Any CPU
		{684192AC-4688-4A13-9CA4-BA60D0AFB3AF}.Debug|Any CPU.ActiveCfg = Debug|Any CPU
		{684192AC-4688-4A13-9CA4-BA60D0AFB3AF}.Debug|Any CPU.Build.0 = Debug|Any CPU
		{684192AC-4688-4A13-9CA4-BA60D0AFB3AF}.Release|Any CPU.ActiveCfg = Release|Any CPU
		{684192AC-4688-4A13-9CA4-BA60D0AFB3AF}.Release|Any CPU.Build.0 = Release|Any CPU
	EndGlobalSection
	GlobalSection(SolutionProperties) = preSolution
		HideSolutionNode = FALSE
	EndGlobalSection
EndGlobal
